
Microsoft Visual Studio Solution File, Format Version 12.00
# Visual Studio Version 16
VisualStudioVersion = 16.0.30011.22
MinimumVisualStudioVersion = 10.0.40219.1
Project("{FAE04EC0-301F-11D3-BF4B-00C04F79EFBC}") = "01_Odd Lines", "01_Odd Lines\01_Odd Lines.csproj", "{37E9A6CE-6D47-4C26-B380-1CD73014EB2C}"
EndProject
Project("{2150E333-8FDC-42A3-9474-1A3956D46DE8}") = "Solution Items", "Solution Items", "{71BE82E5-E273-481E-B8A5-4F35EDB10AC9}"
EndProject
Project("{FAE04EC0-301F-11D3-BF4B-00C04F79EFBC}") = "02_Line Numbers", "02_Line Numbers\02_Line Numbers.csproj", "{CE777BE6-B813-4541-8349-D232696A0040}"
EndProject
Project("{FAE04EC0-301F-11D3-BF4B-00C04F79EFBC}") = "03_Word Count", "03_Word Count\03_Word Count.csproj", "{21E1CE27-D3AA-4D15-90EE-9E450E1B3E2F}"
EndProject
Project("{FAE04EC0-301F-11D3-BF4B-00C04F79EFBC}") = "04_Merge Files", "04_Merge Files\04_Merge Files.csproj", "{0C521070-94F8-453D-A8A1-C9E1A427D7E9}"
EndProject
Project("{FAE04EC0-301F-11D3-BF4B-00C04F79EFBC}") = "05_Slice a File", "05_Slice a File\05_Slice a File.csproj", "{A6EF19C8-027D-4D1D-99D6-77343423D066}"
EndProject
Project("{FAE04EC0-301F-11D3-BF4B-00C04F79EFBC}") = "06_Folder Size", "06_Folder Size\06_Folder Size.csproj", "{CDCD87C4-7382-4AF4-B46D-2C0C5166D0DA}"
EndProject
Global
	GlobalSection(SolutionConfigurationPlatforms) = preSolution
		Debug|Any CPU = Debug|Any CPU
		Release|Any CPU = Release|Any CPU
	EndGlobalSection
	GlobalSection(ProjectConfigurationPlatforms) = postSolution
		{37E9A6CE-6D47-4C26-B380-1CD73014EB2C}.Debug|Any CPU.ActiveCfg = Debug|Any CPU
		{37E9A6CE-6D47-4C26-B380-1CD73014EB2C}.Debug|Any CPU.Build.0 = Debug|Any CPU
		{37E9A6CE-6D47-4C26-B380-1CD73014EB2C}.Release|Any CPU.ActiveCfg = Release|Any CPU
		{37E9A6CE-6D47-4C26-B380-1CD73014EB2C}.Release|Any CPU.Build.0 = Release|Any CPU
		{CE777BE6-B813-4541-8349-D232696A0040}.Debug|Any CPU.ActiveCfg = Debug|Any CPU
		{CE777BE6-B813-4541-8349-D232696A0040}.Debug|Any CPU.Build.0 = Debug|Any CPU
		{CE777BE6-B813-4541-8349-D232696A0040}.Release|Any CPU.ActiveCfg = Release|Any CPU
		{CE777BE6-B813-4541-8349-D232696A0040}.Release|Any CPU.Build.0 = Release|Any CPU
		{21E1CE27-D3AA-4D15-90EE-9E450E1B3E2F}.Debug|Any CPU.ActiveCfg = Debug|Any CPU
		{21E1CE27-D3AA-4D15-90EE-9E450E1B3E2F}.Debug|Any CPU.Build.0 = Debug|Any CPU
		{21E1CE27-D3AA-4D15-90EE-9E450E1B3E2F}.Release|Any CPU.ActiveCfg = Release|Any CPU
		{21E1CE27-D3AA-4D15-90EE-9E450E1B3E2F}.Release|Any CPU.Build.0 = Release|Any CPU
		{0C521070-94F8-453D-A8A1-C9E1A427D7E9}.Debug|Any CPU.ActiveCfg = Debug|Any CPU
		{0C521070-94F8-453D-A8A1-C9E1A427D7E9}.Debug|Any CPU.Build.0 = Debug|Any CPU
		{0C521070-94F8-453D-A8A1-C9E1A427D7E9}.Release|Any CPU.ActiveCfg = Release|Any CPU
		{0C521070-94F8-453D-A8A1-C9E1A427D7E9}.Release|Any CPU.Build.0 = Release|Any CPU
		{A6EF19C8-027D-4D1D-99D6-77343423D066}.Debug|Any CPU.ActiveCfg = Debug|Any CPU
		{A6EF19C8-027D-4D1D-99D6-77343423D066}.Debug|Any CPU.Build.0 = Debug|Any CPU
		{A6EF19C8-027D-4D1D-99D6-77343423D066}.Release|Any CPU.ActiveCfg = Release|Any CPU
		{A6EF19C8-027D-4D1D-99D6-77343423D066}.Release|Any CPU.Build.0 = Release|Any CPU
		{CDCD87C4-7382-4AF4-B46D-2C0C5166D0DA}.Debug|Any CPU.ActiveCfg = Debug|Any CPU
		{CDCD87C4-7382-4AF4-B46D-2C0C5166D0DA}.Debug|Any CPU.Build.0 = Debug|Any CPU
		{CDCD87C4-7382-4AF4-B46D-2C0C5166D0DA}.Release|Any CPU.ActiveCfg = Release|Any CPU
		{CDCD87C4-7382-4AF4-B46D-2C0C5166D0DA}.Release|Any CPU.Build.0 = Release|Any CPU
	EndGlobalSection
	GlobalSection(SolutionProperties) = preSolution
		HideSolutionNode = FALSE
	EndGlobalSection
	GlobalSection(ExtensibilityGlobals) = postSolution
		SolutionGuid = {658AAD71-F36A-49D7-8270-5E924CD7D4AA}
	EndGlobalSection
EndGlobal
